
Microsoft Visual Studio Solution File, Format Version 12.00
# Visual Studio Version 17
VisualStudioVersion = 17.7.34202.233
MinimumVisualStudioVersion = 10.0.40219.1
Project("{9A19103F-16F7-4668-BE54-9A1E7A4F7556}") = "HLA_CS", "HLA_CS\HLA_CS.csproj", "{3CD080B1-C7A4-4DA2-97BF-745FBEADF2CC}"
EndProject
Project("{778DAE3C-4631-46EA-AA77-85C1314464D9}") = "HLA_VB", "HLA_VB\HLA_VB.vbproj", "{CDE6962D-F7A3-49E2-8D5D-F9781C04C52F}"
EndProject
Project("{F184B08F-C81C-45F6-A57F-5ABD9991F28F}") = "HLA_VB_Tests", "HLA_VB_Tests\HLA_VB_Tests.vbproj", "{F2BBC7B5-310A-4AD4-B803-3C45C357505B}"
EndProject
Global
	GlobalSection(SolutionConfigurationPlatforms) = preSolution
		Debug|Any CPU = Debug|Any CPU
		Release|Any CPU = Release|Any CPU
	EndGlobalSection
	GlobalSection(ProjectConfigurationPlatforms) = postSolution
		{3CD080B1-C7A4-4DA2-97BF-745FBEADF2CC}.Debug|Any CPU.ActiveCfg = Debug|Any CPU
		{3CD080B1-C7A4-4DA2-97BF-745FBEADF2CC}.Debug|Any CPU.Build.0 = Debug|Any CPU
		{3CD080B1-C7A4-4DA2-97BF-745FBEADF2CC}.Release|Any CPU.ActiveCfg = Release|Any CPU
		{3CD080B1-C7A4-4DA2-97BF-745FBEADF2CC}.Release|Any CPU.Build.0 = Release|Any CPU
		{CDE6962D-F7A3-49E2-8D5D-F9781C04C52F}.Debug|Any CPU.ActiveCfg = Debug|Any CPU
		{CDE6962D-F7A3-49E2-8D5D-F9781C04C52F}.Debug|Any CPU.Build.0 = Debug|Any CPU
		{CDE6962D-F7A3-49E2-8D5D-F9781C04C52F}.Release|Any CPU.ActiveCfg = Release|Any CPU
		{CDE6962D-F7A3-49E2-8D5D-F9781C04C52F}.Release|Any CPU.Build.0 = Release|Any CPU
		{F2BBC7B5-310A-4AD4-B803-3C45C357505B}.Debug|Any CPU.ActiveCfg = Debug|Any CPU
		{F2BBC7B5-310A-4AD4-B803-3C45C357505B}.Debug|Any CPU.Build.0 = Debug|Any CPU
		{F2BBC7B5-310A-4AD4-B803-3C45C357505B}.Release|Any CPU.ActiveCfg = Release|Any CPU
		{F2BBC7B5-310A-4AD4-B803-3C45C357505B}.Release|Any CPU.Build.0 = Release|Any CPU
	EndGlobalSection
	GlobalSection(SolutionProperties) = preSolution
		HideSolutionNode = FALSE
	EndGlobalSection
	GlobalSection(ExtensibilityGlobals) = postSolution
		SolutionGuid = {88FACAAC-5238-409A-BB14-70CE1213052B}
	EndGlobalSection
EndGlobal
